
Microsoft Visual Studio Solution File, Format Version 12.00
# Visual Studio 15
VisualStudioVersion = 15.0.26124.0
MinimumVisualStudioVersion = 15.0.26124.0
Project("{FAE04EC0-301F-11D3-BF4B-00C04F79EFBC}") = "client", "client\client.csproj", "{3F805BE6-8EE6-45C9-ADC9-6B6565AC2282}"
EndProject
Project("{FAE04EC0-301F-11D3-BF4B-00C04F79EFBC}") = "server", "server\server.csproj", "{0A458E13-1286-45C7-93A7-5E1AEF10C7E2}"
EndProject
Global
	GlobalSection(SolutionConfigurationPlatforms) = preSolution
		Debug|Any CPU = Debug|Any CPU
		Debug|x64 = Debug|x64
		Debug|x86 = Debug|x86
		Release|Any CPU = Release|Any CPU
		Release|x64 = Release|x64
		Release|x86 = Release|x86
	EndGlobalSection
	GlobalSection(SolutionProperties) = preSolution
		HideSolutionNode = FALSE
	EndGlobalSection
	GlobalSection(ProjectConfigurationPlatforms) = postSolution
		{3F805BE6-8EE6-45C9-ADC9-6B6565AC2282}.Debug|Any CPU.ActiveCfg = Debug|Any CPU
		{3F805BE6-8EE6-45C9-ADC9-6B6565AC2282}.Debug|Any CPU.Build.0 = Debug|Any CPU
		{3F805BE6-8EE6-45C9-ADC9-6B6565AC2282}.Debug|x64.ActiveCfg = Debug|Any CPU
		{3F805BE6-8EE6-45C9-ADC9-6B6565AC2282}.Debug|x64.Build.0 = Debug|Any CPU
		{3F805BE6-8EE6-45C9-ADC9-6B6565AC2282}.Debug|x86.ActiveCfg = Debug|Any CPU
		{3F805BE6-8EE6-45C9-ADC9-6B6565AC2282}.Debug|x86.Build.0 = Debug|Any CPU
		{3F805BE6-8EE6-45C9-ADC9-6B6565AC2282}.Release|Any CPU.ActiveCfg = Release|Any CPU
		{3F805BE6-8EE6-45C9-ADC9-6B6565AC2282}.Release|Any CPU.Build.0 = Release|Any CPU
		{3F805BE6-8EE6-45C9-ADC9-6B6565AC2282}.Release|x64.ActiveCfg = Release|Any CPU
		{3F805BE6-8EE6-45C9-ADC9-6B6565AC2282}.Release|x64.Build.0 = Release|Any CPU
		{3F805BE6-8EE6-45C9-ADC9-6B6565AC2282}.Release|x86.ActiveCfg = Release|Any CPU
		{3F805BE6-8EE6-45C9-ADC9-6B6565AC2282}.Release|x86.Build.0 = Release|Any CPU
		{0A458E13-1286-45C7-93A7-5E1AEF10C7E2}.Debug|Any CPU.ActiveCfg = Debug|Any CPU
		{0A458E13-1286-45C7-93A7-5E1AEF10C7E2}.Debug|Any CPU.Build.0 = Debug|Any CPU
		{0A458E13-1286-45C7-93A7-5E1AEF10C7E2}.Debug|x64.ActiveCfg = Debug|Any CPU
		{0A458E13-1286-45C7-93A7-5E1AEF10C7E2}.Debug|x64.Build.0 = Debug|Any CPU
		{0A458E13-1286-45C7-93A7-5E1AEF10C7E2}.Debug|x86.ActiveCfg = Debug|Any CPU
		{0A458E13-1286-45C7-93A7-5E1AEF10C7E2}.Debug|x86.Build.0 = Debug|Any CPU
		{0A458E13-1286-45C7-93A7-5E1AEF10C7E2}.Release|Any CPU.ActiveCfg = Release|Any CPU
		{0A458E13-1286-45C7-93A7-5E1AEF10C7E2}.Release|Any CPU.Build.0 = Release|Any CPU
		{0A458E13-1286-45C7-93A7-5E1AEF10C7E2}.Release|x64.ActiveCfg = Release|Any CPU
		{0A458E13-1286-45C7-93A7-5E1AEF10C7E2}.Release|x64.Build.0 = Release|Any CPU
		{0A458E13-1286-45C7-93A7-5E1AEF10C7E2}.Release|x86.ActiveCfg = Release|Any CPU
		{0A458E13-1286-45C7-93A7-5E1AEF10C7E2}.Release|x86.Build.0 = Release|Any CPU
	EndGlobalSection
EndGlobal
